
Microsoft Visual Studio Solution File, Format Version 12.00
# Visual Studio Version 17
VisualStudioVersion = 17.10.35027.167
MinimumVisualStudioVersion = 10.0.40219.1
Project("{FAE04EC0-301F-11D3-BF4B-00C04F79EFBC}") = "BookingApp.Data", "BookingApp.Data\BookingApp.Data.csproj", "{004A910F-1FBB-4AA5-9682-8A3EBBC2B6FB}"
EndProject
Project("{FAE04EC0-301F-11D3-BF4B-00C04F79EFBC}") = "BookingApp.Business", "BookingApp.Business\BookingApp.Business.csproj", "{C2EDA402-A95F-4FB7-98FD-E2BF75EB6CD3}"
EndProject
Project("{FAE04EC0-301F-11D3-BF4B-00C04F79EFBC}") = "BookingApp.WebApi", "BookingApp.WebApi\BookingApp.WebApi.csproj", "{0D64468C-FEEA-4141-A040-BCEF7E9C983C}"
EndProject
Global
	GlobalSection(SolutionConfigurationPlatforms) = preSolution
		Debug|Any CPU = Debug|Any CPU
		Release|Any CPU = Release|Any CPU
	EndGlobalSection
	GlobalSection(ProjectConfigurationPlatforms) = postSolution
		{004A910F-1FBB-4AA5-9682-8A3EBBC2B6FB}.Debug|Any CPU.ActiveCfg = Debug|Any CPU
		{004A910F-1FBB-4AA5-9682-8A3EBBC2B6FB}.Debug|Any CPU.Build.0 = Debug|Any CPU
		{004A910F-1FBB-4AA5-9682-8A3EBBC2B6FB}.Release|Any CPU.ActiveCfg = Release|Any CPU
		{004A910F-1FBB-4AA5-9682-8A3EBBC2B6FB}.Release|Any CPU.Build.0 = Release|Any CPU
		{C2EDA402-A95F-4FB7-98FD-E2BF75EB6CD3}.Debug|Any CPU.ActiveCfg = Debug|Any CPU
		{C2EDA402-A95F-4FB7-98FD-E2BF75EB6CD3}.Debug|Any CPU.Build.0 = Debug|Any CPU
		{C2EDA402-A95F-4FB7-98FD-E2BF75EB6CD3}.Release|Any CPU.ActiveCfg = Release|Any CPU
		{C2EDA402-A95F-4FB7-98FD-E2BF75EB6CD3}.Release|Any CPU.Build.0 = Release|Any CPU
		{0D64468C-FEEA-4141-A040-BCEF7E9C983C}.Debug|Any CPU.ActiveCfg = Debug|Any CPU
		{0D64468C-FEEA-4141-A040-BCEF7E9C983C}.Debug|Any CPU.Build.0 = Debug|Any CPU
		{0D64468C-FEEA-4141-A040-BCEF7E9C983C}.Release|Any CPU.ActiveCfg = Release|Any CPU
		{0D64468C-FEEA-4141-A040-BCEF7E9C983C}.Release|Any CPU.Build.0 = Release|Any CPU
	EndGlobalSection
	GlobalSection(SolutionProperties) = preSolution
		HideSolutionNode = FALSE
	EndGlobalSection
	GlobalSection(ExtensibilityGlobals) = postSolution
		SolutionGuid = {617B0495-67BD-4AD2-BE79-61B334A4BEF2}
	EndGlobalSection
EndGlobal
